
Microsoft Visual Studio Solution File, Format Version 12.00
Project("{FAE04EC0-301F-11D3-BF4B-00C04F79EFBC}") = "LocalStripeDotNet.Server", "LocalStripeDotNet.Server\LocalStripeDotNet.Server.csproj", "{428A342D-7C23-4102-AAE2-97F837D33C09}"
EndProject
Project("{FAE04EC0-301F-11D3-BF4B-00C04F79EFBC}") = "WebApplication", "WebApplication\WebApplication.csproj", "{8F2D15CA-3606-46D6-852F-16CC93B498F6}"
EndProject
Global
	GlobalSection(SolutionConfigurationPlatforms) = preSolution
		Debug|Any CPU = Debug|Any CPU
		Release|Any CPU = Release|Any CPU
	EndGlobalSection
	GlobalSection(ProjectConfigurationPlatforms) = postSolution
		{428A342D-7C23-4102-AAE2-97F837D33C09}.Debug|Any CPU.ActiveCfg = Debug|Any CPU
		{428A342D-7C23-4102-AAE2-97F837D33C09}.Debug|Any CPU.Build.0 = Debug|Any CPU
		{428A342D-7C23-4102-AAE2-97F837D33C09}.Release|Any CPU.ActiveCfg = Release|Any CPU
		{428A342D-7C23-4102-AAE2-97F837D33C09}.Release|Any CPU.Build.0 = Release|Any CPU
		{8F2D15CA-3606-46D6-852F-16CC93B498F6}.Debug|Any CPU.ActiveCfg = Debug|Any CPU
		{8F2D15CA-3606-46D6-852F-16CC93B498F6}.Debug|Any CPU.Build.0 = Debug|Any CPU
		{8F2D15CA-3606-46D6-852F-16CC93B498F6}.Release|Any CPU.ActiveCfg = Release|Any CPU
		{8F2D15CA-3606-46D6-852F-16CC93B498F6}.Release|Any CPU.Build.0 = Release|Any CPU
	EndGlobalSection
EndGlobal
